<?xml version="1.0" encoding="utf-8"?>
<Project ToolsVersion="4.0" xmlns="http://schemas.microsoft.com/developer/msbuild/2003">
  <ItemGroup>
    <Filter Include="Support Libraries">
      <UniqueIdentifier>{e6a84a71-37ec-4a9a-a996-a955a065e28b}</UniqueIdentifier>
    </Filter>
    <Filter Include="Support Libraries\R2 Library">
      <UniqueIdentifier>{2e072829-b2df-4e7f-85ac-89dfd50b494b}</UniqueIdentifier>
    </Filter>
    <Filter Include="Support Libraries\R2 Library\R2 Source Files">
      <UniqueIdentifier>{b0159684-151e-47d0-ae7d-7d1f08e09ce1}</UniqueIdentifier>
    </Filter>
    <Filter Include="Support Libraries\R2 Library\R2 Header Files">
      <UniqueIdentifier>{8762bf60-27ed-403f-8f1e-0581b63b1977}</UniqueIdentifier>
    </Filter>
    <Filter Include="Support Libraries\jpeg Library">
      <UniqueIdentifier>{56b1b29c-cf4f-426f-9f52-19093bc487b4}</UniqueIdentifier>
    </Filter>
    <Filter Include="Support Libraries\jpeg Library\jpeg Header Files">
      <UniqueIdentifier>{acdb8078-1e68-4670-9188-fb5ea2303642}</UniqueIdentifier>
    </Filter>
    <Filter Include="Support Libraries\jpeg Library\jpeg Source Files">
      <UniqueIdentifier>{2f49dedc-5fff-47d7-922a-b806b60f371e}</UniqueIdentifier>
    </Filter>
    <Filter Include="Support Libraries\R3 Library">
      <UniqueIdentifier>{0a3415db-877b-40de-be01-14769f0c1b10}</UniqueIdentifier>
    </Filter>
    <Filter Include="Support Libraries\R3 Library\R3 Header Files">
      <UniqueIdentifier>{67c9b722-d585-4f6e-b4c4-dc0fabcbcb3d}</UniqueIdentifier>
    </Filter>
    <Filter Include="Support Libraries\R3 Library\R3 Source Files">
      <UniqueIdentifier>{05c935a2-4fa8-417c-ae10-d526bf858c31}</UniqueIdentifier>
    </Filter>
    <Filter Include="Main Program">
      <UniqueIdentifier>{d347270b-a266-4696-a5bd-73c7b79a3e66}</UniqueIdentifier>
    </Filter>
    <Filter Include="Main Program\Main Source Files">
      <UniqueIdentifier>{b341e846-6d6c-42b7-814d-9799ba1f32b9}</UniqueIdentifier>
    </Filter>
    <Filter Include="Main Program\Main Header Files">
      <UniqueIdentifier>{2af6e08a-832c-4e6b-8ce2-168fee68ab38}</UniqueIdentifier>
    </Filter>
  </ItemGroup>
  <ItemGroup>
    <ClCompile Include="R2\R2Distance.cpp">
      <Filter>Support Libraries\R2 Library\R2 Source Files</Filter>
    </ClCompile>
    <ClCompile Include="R2\R2Image.cpp">
      <Filter>Support Libraries\R2 Library\R2 Source Files</Filter>
    </ClCompile>
    <ClCompile Include="R2\R2Line.cpp">
      <Filter>Support Libraries\R2 Library\R2 Source Files</Filter>
    </ClCompile>
    <ClCompile Include="R2\R2Pixel.cpp">
      <Filter>Support Libraries\R2 Library\R2 Source Files</Filter>
    </ClCompile>
    <ClCompile Include="R2\R2Point.cpp">
      <Filter>Support Libraries\R2 Library\R2 Source Files</Filter>
    </ClCompile>
    <ClCompile Include="R2\R2Segment.cpp">
      <Filter>Support Libraries\R2 Library\R2 Source Files</Filter>
    </ClCompile>
    <ClCompile Include="R2\R2Vector.cpp">
      <Filter>Support Libraries\R2 Library\R2 Source Files</Filter>
    </ClCompile>
    <ClCompile Include="jpeg\jcapimin.c">
      <Filter>Support Libraries\jpeg Library\jpeg Source Files</Filter>
    </ClCompile>
    <ClCompile Include="jpeg\jcapistd.c">
      <Filter>Support Libraries\jpeg Library\jpeg Source Files</Filter>
    </ClCompile>
    <ClCompile Include="jpeg\jccoefct.c">
      <Filter>Support Libraries\jpeg Library\jpeg Source Files</Filter>
    </ClCompile>
    <ClCompile Include="jpeg\jccolor.c">
      <Filter>Support Libraries\jpeg Library\jpeg Source Files</Filter>
    </ClCompile>
    <ClCompile Include="jpeg\jcdctmgr.c">
      <Filter>Support Libraries\jpeg Library\jpeg Source Files</Filter>
    </ClCompile>
    <ClCompile Include="jpeg\jchuff.c">
      <Filter>Support Libraries\jpeg Library\jpeg Source Files</Filter>
    </ClCompile>
    <ClCompile Include="jpeg\jcinit.c">
      <Filter>Support Libraries\jpeg Library\jpeg Source Files</Filter>
    </ClCompile>
    <ClCompile Include="jpeg\jcmainct.c">
      <Filter>Support Libraries\jpeg Library\jpeg Source Files</Filter>
    </ClCompile>
    <ClCompile Include="jpeg\jcmarker.c">
      <Filter>Support Libraries\jpeg Library\jpeg Source Files</Filter>
    </ClCompile>
    <ClCompile Include="jpeg\jcmaster.c">
      <Filter>Support Libraries\jpeg Library\jpeg Source Files</Filter>
    </ClCompile>
    <ClCompile Include="jpeg\jcomapi.c">
      <Filter>Support Libraries\jpeg Library\jpeg Source Files</Filter>
    </ClCompile>
    <ClCompile Include="jpeg\jcparam.c">
      <Filter>Support Libraries\jpeg Library\jpeg Source Files</Filter>
    </ClCompile>
    <ClCompile Include="jpeg\jcphuff.c">
      <Filter>Support Libraries\jpeg Library\jpeg Source Files</Filter>
    </ClCompile>
    <ClCompile Include="jpeg\jcprepct.c">
      <Filter>Support Libraries\jpeg Library\jpeg Source Files</Filter>
    </ClCompile>
    <ClCompile Include="jpeg\jcsample.c">
      <Filter>Support Libraries\jpeg Library\jpeg Source Files</Filter>
    </ClCompile>
    <ClCompile Include="jpeg\jctrans.c">
      <Filter>Support Libraries\jpeg Library\jpeg Source Files</Filter>
    </ClCompile>
    <ClCompile Include="jpeg\jdapimin.c">
      <Filter>Support Libraries\jpeg Library\jpeg Source Files</Filter>
    </ClCompile>
    <ClCompile Include="jpeg\jdapistd.c">
      <Filter>Support Libraries\jpeg Library\jpeg Source Files</Filter>
    </ClCompile>
    <ClCompile Include="jpeg\jdatadst.c">
      <Filter>Support Libraries\jpeg Library\jpeg Source Files</Filter>
    </ClCompile>
    <ClCompile Include="jpeg\jdatasrc.c">
      <Filter>Support Libraries\jpeg Library\jpeg Source Files</Filter>
    </ClCompile>
    <ClCompile Include="jpeg\jdcoefct.c">
      <Filter>Support Libraries\jpeg Library\jpeg Source Files</Filter>
    </ClCompile>
    <ClCompile Include="jpeg\jdcolor.c">
      <Filter>Support Libraries\jpeg Library\jpeg Source Files</Filter>
    </ClCompile>
    <ClCompile Include="jpeg\jddctmgr.c">
      <Filter>Support Libraries\jpeg Library\jpeg Source Files</Filter>
    </ClCompile>
    <ClCompile Include="jpeg\jdhuff.c">
      <Filter>Support Libraries\jpeg Library\jpeg Source Files</Filter>
    </ClCompile>
    <ClCompile Include="jpeg\jdinput.c">
      <Filter>Support Libraries\jpeg Library\jpeg Source Files</Filter>
    </ClCompile>
    <ClCompile Include="jpeg\jdmainct.c">
      <Filter>Support Libraries\jpeg Library\jpeg Source Files</Filter>
    </ClCompile>
    <ClCompile Include="jpeg\jdmarker.c">
      <Filter>Support Libraries\jpeg Library\jpeg Source Files</Filter>
    </ClCompile>
    <ClCompile Include="jpeg\jdmaster.c">
      <Filter>Support Libraries\jpeg Library\jpeg Source Files</Filter>
    </ClCompile>
    <ClCompile Include="jpeg\jdmerge.c">
      <Filter>Support Libraries\jpeg Library\jpeg Source Files</Filter>
    </ClCompile>
    <ClCompile Include="jpeg\jdphuff.c">
      <Filter>Support Libraries\jpeg Library\jpeg Source Files</Filter>
    </ClCompile>
    <ClCompile Include="jpeg\jdpostct.c">
      <Filter>Support Libraries\jpeg Library\jpeg Source Files</Filter>
    </ClCompile>
    <ClCompile Include="jpeg\jdsample.c">
      <Filter>Support Libraries\jpeg Library\jpeg Source Files</Filter>
    </ClCompile>
    <ClCompile Include="jpeg\jdtrans.c">
      <Filter>Support Libraries\jpeg Library\jpeg Source Files</Filter>
    </ClCompile>
    <ClCompile Include="jpeg\jerror.c">
      <Filter>Support Libraries\jpeg Library\jpeg Source Files</Filter>
    </ClCompile>
    <ClCompile Include="jpeg\jfdctflt.c">
      <Filter>Support Libraries\jpeg Library\jpeg Source Files</Filter>
    </ClCompile>
    <ClCompile Include="jpeg\jfdctfst.c">
      <Filter>Support Libraries\jpeg Library\jpeg Source Files</Filter>
    </ClCompile>
    <ClCompile Include="jpeg\jfdctint.c">
      <Filter>Support Libraries\jpeg Library\jpeg Source Files</Filter>
    </ClCompile>
    <ClCompile Include="jpeg\jidctflt.c">
      <Filter>Support Libraries\jpeg Library\jpeg Source Files</Filter>
    </ClCompile>
    <ClCompile Include="jpeg\jidctfst.c">
      <Filter>Support Libraries\jpeg Library\jpeg Source Files</Filter>
    </ClCompile>
    <ClCompile Include="jpeg\jidctint.c">
      <Filter>Support Libraries\jpeg Library\jpeg Source Files</Filter>
    </ClCompile>
    <ClCompile Include="jpeg\jidctred.c">
      <Filter>Support Libraries\jpeg Library\jpeg Source Files</Filter>
    </ClCompile>
    <ClCompile Include="jpeg\jmemmgr.c">
      <Filter>Support Libraries\jpeg Library\jpeg Source Files</Filter>
    </ClCompile>
    <ClCompile Include="jpeg\jmemnobs.c">
      <Filter>Support Libraries\jpeg Library\jpeg Source Files</Filter>
    </ClCompile>
    <ClCompile Include="jpeg\jquant1.c">
      <Filter>Support Libraries\jpeg Library\jpeg Source Files</Filter>
    </ClCompile>
    <ClCompile Include="jpeg\jquant2.c">
      <Filter>Support Libraries\jpeg Library\jpeg Source Files</Filter>
    </ClCompile>
    <ClCompile Include="jpeg\jutils.c">
      <Filter>Support Libraries\jpeg Library\jpeg Source Files</Filter>
    </ClCompile>
    <ClCompile Include="R3\R3Box.cpp">
      <Filter>Support Libraries\R3 Library\R3 Source Files</Filter>
    </ClCompile>
    <ClCompile Include="R3\R3Circle.cpp">
      <Filter>Support Libraries\R3 Library\R3 Source Files</Filter>
    </ClCompile>
    <ClCompile Include="R3\R3Cone.cpp">
      <Filter>Support Libraries\R3 Library\R3 Source Files</Filter>
    </ClCompile>
    <ClCompile Include="R3\R3Cylinder.cpp">
      <Filter>Support Libraries\R3 Library\R3 Source Files</Filter>
    </ClCompile>
    <ClCompile Include="R3\R3Distance.cpp">
      <Filter>Support Libraries\R3 Library\R3 Source Files</Filter>
    </ClCompile>
    <ClCompile Include="R3\R3Line.cpp">
      <Filter>Support Libraries\R3 Library\R3 Source Files</Filter>
    </ClCompile>
    <ClCompile Include="R3\R3Matrix.cpp">
      <Filter>Support Libraries\R3 Library\R3 Source Files</Filter>
    </ClCompile>
    <ClCompile Include="R3\R3Mesh.cpp">
      <Filter>Support Libraries\R3 Library\R3 Source Files</Filter>
    </ClCompile>
    <ClCompile Include="R3\R3Plane.cpp">
      <Filter>Support Libraries\R3 Library\R3 Source Files</Filter>
    </ClCompile>
    <ClCompile Include="R3\R3Point.cpp">
      <Filter>Support Libraries\R3 Library\R3 Source Files</Filter>
    </ClCompile>
    <ClCompile Include="R3\R3Ray.cpp">
      <Filter>Support Libraries\R3 Library\R3 Source Files</Filter>
    </ClCompile>
    <ClCompile Include="R3\R3Segment.cpp">
      <Filter>Support Libraries\R3 Library\R3 Source Files</Filter>
    </ClCompile>
    <ClCompile Include="R3\R3Sphere.cpp">
      <Filter>Support Libraries\R3 Library\R3 Source Files</Filter>
    </ClCompile>
    <ClCompile Include="R3\R3Vector.cpp">
      <Filter>Support Libraries\R3 Library\R3 Source Files</Filter>
    </ClCompile>
    <ClCompile Include="particle.cpp">
      <Filter>Main Program\Main Source Files</Filter>
    </ClCompile>
    <ClCompile Include="particleview.cpp">
      <Filter>Main Program\Main Source Files</Filter>
    </ClCompile>
    <ClCompile Include="R3Scene.cpp">
      <Filter>Main Program\Main Source Files</Filter>
    </ClCompile>
  </ItemGroup>
  <ItemGroup>
    <ClInclude Include="R2\R2.h">
      <Filter>Support Libraries\R2 Library\R2 Header Files</Filter>
    </ClInclude>
    <ClInclude Include="R2\R2Distance.h">
      <Filter>Support Libraries\R2 Library\R2 Header Files</Filter>
    </ClInclude>
    <ClInclude Include="R2\R2Image.h">
      <Filter>Support Libraries\R2 Library\R2 Header Files</Filter>
    </ClInclude>
    <ClInclude Include="R2\R2Line.h">
      <Filter>Support Libraries\R2 Library\R2 Header Files</Filter>
    </ClInclude>
    <ClInclude Include="R2\R2Pixel.h">
      <Filter>Support Libraries\R2 Library\R2 Header Files</Filter>
    </ClInclude>
    <ClInclude Include="R2\R2Point.h">
      <Filter>Support Libraries\R2 Library\R2 Header Files</Filter>
    </ClInclude>
    <ClInclude Include="R2\R2Segment.h">
      <Filter>Support Libraries\R2 Library\R2 Header Files</Filter>
    </ClInclude>
    <ClInclude Include="R2\R2Vector.h">
      <Filter>Support Libraries\R2 Library\R2 Header Files</Filter>
    </ClInclude>
    <ClInclude Include="jpeg\jchuff.h">
      <Filter>Support Libraries\jpeg Library\jpeg Header Files</Filter>
    </ClInclude>
    <ClInclude Include="jpeg\jconfig.h">
      <Filter>Support Libraries\jpeg Library\jpeg Header Files</Filter>
    </ClInclude>
    <ClInclude Include="jpeg\jdct.h">
      <Filter>Support Libraries\jpeg Library\jpeg Header Files</Filter>
    </ClInclude>
    <ClInclude Include="jpeg\jdhuff.h">
      <Filter>Support Libraries\jpeg Library\jpeg Header Files</Filter>
    </ClInclude>
    <ClInclude Include="jpeg\jerror.h">
      <Filter>Support Libraries\jpeg Library\jpeg Header Files</Filter>
    </ClInclude>
    <ClInclude Include="jpeg\jinclude.h">
      <Filter>Support Libraries\jpeg Library\jpeg Header Files</Filter>
    </ClInclude>
    <ClInclude Include="jpeg\jmemsys.h">
      <Filter>Support Libraries\jpeg Library\jpeg Header Files</Filter>
    </ClInclude>
    <ClInclude Include="jpeg\jmorecfg.h">
      <Filter>Support Libraries\jpeg Library\jpeg Header Files</Filter>
    </ClInclude>
    <ClInclude Include="jpeg\jpegint.h">
      <Filter>Support Libraries\jpeg Library\jpeg Header Files</Filter>
    </ClInclude>
    <ClInclude Include="jpeg\jpeglib.h">
      <Filter>Support Libraries\jpeg Library\jpeg Header Files</Filter>
    </ClInclude>
    <ClInclude Include="jpeg\jversion.h">
      <Filter>Support Libraries\jpeg Library\jpeg Header Files</Filter>
    </ClInclude>
    <ClInclude Include="R3\R3.h">
      <Filter>Support Libraries\R3 Library\R3 Header Files</Filter>
    </ClInclude>
    <ClInclude Include="R3\R3Box.h">
      <Filter>Support Libraries\R3 Library\R3 Header Files</Filter>
    </ClInclude>
    <ClInclude Include="R3\R3Circle.h">
      <Filter>Support Libraries\R3 Library\R3 Header Files</Filter>
    </ClInclude>
    <ClInclude Include="R3\R3Cone.h">
      <Filter>Support Libraries\R3 Library\R3 Header Files</Filter>
    </ClInclude>
    <ClInclude Include="R3\R3Cylinder.h">
      <Filter>Support Libraries\R3 Library\R3 Header Files</Filter>
    </ClInclude>
    <ClInclude Include="R3\R3Distance.h">
      <Filter>Support Libraries\R3 Library\R3 Header Files</Filter>
    </ClInclude>
    <ClInclude Include="R3\R3Line.h">
      <Filter>Support Libraries\R3 Library\R3 Header Files</Filter>
    </ClInclude>
    <ClInclude Include="R3\R3Matrix.h">
      <Filter>Support Libraries\R3 Library\R3 Header Files</Filter>
    </ClInclude>
    <ClInclude Include="R3\R3Mesh.h">
      <Filter>Support Libraries\R3 Library\R3 Header Files</Filter>
    </ClInclude>
    <ClInclude Include="R3\R3Plane.h">
      <Filter>Support Libraries\R3 Library\R3 Header Files</Filter>
    </ClInclude>
    <ClInclude Include="R3\R3Point.h">
      <Filter>Support Libraries\R3 Library\R3 Header Files</Filter>
    </ClInclude>
    <ClInclude Include="R3\R3Ray.h">
      <Filter>Support Libraries\R3 Library\R3 Header Files</Filter>
    </ClInclude>
    <ClInclude Include="R3\R3Segment.h">
      <Filter>Support Libraries\R3 Library\R3 Header Files</Filter>
    </ClInclude>
    <ClInclude Include="R3\R3Sphere.h">
      <Filter>Support Libraries\R3 Library\R3 Header Files</Filter>
    </ClInclude>
    <ClInclude Include="R3\R3Vector.h">
      <Filter>Support Libraries\R3 Library\R3 Header Files</Filter>
    </ClInclude>
    <ClInclude Include="particle.h">
      <Filter>Main Program\Main Header Files</Filter>
    </ClInclude>
    <ClInclude Include="R3Scene.h">
      <Filter>Main Program\Main Header Files</Filter>
    </ClInclude>
  </ItemGroup>
</Project>